{
  "name": "1155demo",
  "version": "1.0.0",
  "lockfileVersion": 1,
  "requires": true,
  "dependencies": {
    "@confluxfans/contracts": {
      "version": "0.2.7",
      "resolved": "https://registry.npmjs.org/@confluxfans/contracts/-/contracts-0.2.7.tgz",
      "integrity": "sha512-wxaHDrz/mU8UX/5STbeMVCgVp8Rb8o51P3yQwmXcqFD+qhvyk2J7zBOMiAXx4PV6HAWE5vHLG0cxfMmgovUsvQ==",
      "requires": {
        "@openzeppelin/contracts": "4.1.0"
      },
      "dependencies": {
        "@openzeppelin/contracts": {
          "version": "4.1.0",
          "resolved": "https://registry.npmjs.org/@openzeppelin/contracts/-/contracts-4.1.0.tgz",
          "integrity": "sha512-TihZitscnaHNcZgXGj9zDLDyCqjziytB4tMCwXq0XimfWkAjBYyk5/pOsDbbwcavhlc79HhpTEpQcrMnPVa1mw=="
        }
      }
    },
    "@openzeppelin/contracts": {
      "version": "4.7.3",
      "resolved": "https://registry.npmjs.org/@openzeppelin/contracts/-/contracts-4.7.3.tgz",
      "integrity": "sha512-dGRS0agJzu8ybo44pCIf3xBaPQN/65AIXNgK8+4gzKd5kbvlqyxryUYVLJv7fK98Seyd2hDZzVEHSWAh0Bt1Yw==",
      "dev": true
    }
  }
}
